
Microsoft Visual Studio Solution File, Format Version 12.00
# Visual Studio Version 17
VisualStudioVersion = 17.4.33122.133
MinimumVisualStudioVersion = 10.0.40219.1
Project("{FAE04EC0-301F-11D3-BF4B-00C04F79EFBC}") = "POZİTİF-NEGATİF", "POZİTİF-NEGATİF\POZİTİF-NEGATİF.csproj", "{355DC9B6-853F-4F66-8421-F7017DDD9E8F}"
EndProject
Global
	GlobalSection(SolutionConfigurationPlatforms) = preSolution
		Debug|Any CPU = Debug|Any CPU
		Release|Any CPU = Release|Any CPU
	EndGlobalSection
	GlobalSection(ProjectConfigurationPlatforms) = postSolution
		{355DC9B6-853F-4F66-8421-F7017DDD9E8F}.Debug|Any CPU.ActiveCfg = Debug|Any CPU
		{355DC9B6-853F-4F66-8421-F7017DDD9E8F}.Debug|Any CPU.Build.0 = Debug|Any CPU
		{355DC9B6-853F-4F66-8421-F7017DDD9E8F}.Release|Any CPU.ActiveCfg = Release|Any CPU
		{355DC9B6-853F-4F66-8421-F7017DDD9E8F}.Release|Any CPU.Build.0 = Release|Any CPU
	EndGlobalSection
	GlobalSection(SolutionProperties) = preSolution
		HideSolutionNode = FALSE
	EndGlobalSection
	GlobalSection(ExtensibilityGlobals) = postSolution
		SolutionGuid = {5FD6971A-29C7-4360-8114-1FCAA709907A}
	EndGlobalSection
EndGlobal
