
Microsoft Visual Studio Solution File, Format Version 12.00
# Visual Studio Version 17
VisualStudioVersion = 17.4.33122.133
MinimumVisualStudioVersion = 10.0.40219.1
Project("{FAE04EC0-301F-11D3-BF4B-00C04F79EFBC}") = "dizi-baştan-sona", "dizi-baştan-sona\dizi-baştan-sona.csproj", "{AA41E654-7AC0-44D2-9EBA-E6DA6CE12A7E}"
EndProject
Global
	GlobalSection(SolutionConfigurationPlatforms) = preSolution
		Debug|Any CPU = Debug|Any CPU
		Release|Any CPU = Release|Any CPU
	EndGlobalSection
	GlobalSection(ProjectConfigurationPlatforms) = postSolution
		{AA41E654-7AC0-44D2-9EBA-E6DA6CE12A7E}.Debug|Any CPU.ActiveCfg = Debug|Any CPU
		{AA41E654-7AC0-44D2-9EBA-E6DA6CE12A7E}.Debug|Any CPU.Build.0 = Debug|Any CPU
		{AA41E654-7AC0-44D2-9EBA-E6DA6CE12A7E}.Release|Any CPU.ActiveCfg = Release|Any CPU
		{AA41E654-7AC0-44D2-9EBA-E6DA6CE12A7E}.Release|Any CPU.Build.0 = Release|Any CPU
	EndGlobalSection
	GlobalSection(SolutionProperties) = preSolution
		HideSolutionNode = FALSE
	EndGlobalSection
	GlobalSection(ExtensibilityGlobals) = postSolution
		SolutionGuid = {08A4F54B-64EB-430A-9A9A-189F5BD12B34}
	EndGlobalSection
EndGlobal
