
Microsoft Visual Studio Solution File, Format Version 12.00
# Visual Studio Version 17
VisualStudioVersion = 17.4.33122.133
MinimumVisualStudioVersion = 10.0.40219.1
Project("{FAE04EC0-301F-11D3-BF4B-00C04F79EFBC}") = "123124", "123124\123124.csproj", "{90DCF711-77B1-43D1-A9CB-66DC8B8BD914}"
EndProject
Global
	GlobalSection(SolutionConfigurationPlatforms) = preSolution
		Debug|Any CPU = Debug|Any CPU
		Release|Any CPU = Release|Any CPU
	EndGlobalSection
	GlobalSection(ProjectConfigurationPlatforms) = postSolution
		{90DCF711-77B1-43D1-A9CB-66DC8B8BD914}.Debug|Any CPU.ActiveCfg = Debug|Any CPU
		{90DCF711-77B1-43D1-A9CB-66DC8B8BD914}.Debug|Any CPU.Build.0 = Debug|Any CPU
		{90DCF711-77B1-43D1-A9CB-66DC8B8BD914}.Release|Any CPU.ActiveCfg = Release|Any CPU
		{90DCF711-77B1-43D1-A9CB-66DC8B8BD914}.Release|Any CPU.Build.0 = Release|Any CPU
	EndGlobalSection
	GlobalSection(SolutionProperties) = preSolution
		HideSolutionNode = FALSE
	EndGlobalSection
	GlobalSection(ExtensibilityGlobals) = postSolution
		SolutionGuid = {7CC7DEC3-1906-4A5C-90AC-834766659AA3}
	EndGlobalSection
EndGlobal
