
Microsoft Visual Studio Solution File, Format Version 12.00
# Visual Studio Version 17
VisualStudioVersion = 17.4.33122.133
MinimumVisualStudioVersion = 10.0.40219.1
Project("{FAE04EC0-301F-11D3-BF4B-00C04F79EFBC}") = "ConsoleApp5", "ConsoleApp5\ConsoleApp5.csproj", "{B01A385A-7120-46D2-BE65-15B18EF6DABE}"
EndProject
Global
	GlobalSection(SolutionConfigurationPlatforms) = preSolution
		Debug|Any CPU = Debug|Any CPU
		Release|Any CPU = Release|Any CPU
	EndGlobalSection
	GlobalSection(ProjectConfigurationPlatforms) = postSolution
		{B01A385A-7120-46D2-BE65-15B18EF6DABE}.Debug|Any CPU.ActiveCfg = Debug|Any CPU
		{B01A385A-7120-46D2-BE65-15B18EF6DABE}.Debug|Any CPU.Build.0 = Debug|Any CPU
		{B01A385A-7120-46D2-BE65-15B18EF6DABE}.Release|Any CPU.ActiveCfg = Release|Any CPU
		{B01A385A-7120-46D2-BE65-15B18EF6DABE}.Release|Any CPU.Build.0 = Release|Any CPU
	EndGlobalSection
	GlobalSection(SolutionProperties) = preSolution
		HideSolutionNode = FALSE
	EndGlobalSection
	GlobalSection(ExtensibilityGlobals) = postSolution
		SolutionGuid = {26267C5A-471F-4FC1-B6E3-FFD0BE4EF62D}
	EndGlobalSection
EndGlobal
