
Microsoft Visual Studio Solution File, Format Version 12.00
# Visual Studio Version 17
VisualStudioVersion = 17.4.33122.133
MinimumVisualStudioVersion = 10.0.40219.1
Project("{FAE04EC0-301F-11D3-BF4B-00C04F79EFBC}") = "şekil çzime", "şekil çzime\şekil çzime.csproj", "{3DFB9311-B353-4B78-8E02-7C8EE52F878D}"
EndProject
Global
	GlobalSection(SolutionConfigurationPlatforms) = preSolution
		Debug|Any CPU = Debug|Any CPU
		Release|Any CPU = Release|Any CPU
	EndGlobalSection
	GlobalSection(ProjectConfigurationPlatforms) = postSolution
		{3DFB9311-B353-4B78-8E02-7C8EE52F878D}.Debug|Any CPU.ActiveCfg = Debug|Any CPU
		{3DFB9311-B353-4B78-8E02-7C8EE52F878D}.Debug|Any CPU.Build.0 = Debug|Any CPU
		{3DFB9311-B353-4B78-8E02-7C8EE52F878D}.Release|Any CPU.ActiveCfg = Release|Any CPU
		{3DFB9311-B353-4B78-8E02-7C8EE52F878D}.Release|Any CPU.Build.0 = Release|Any CPU
	EndGlobalSection
	GlobalSection(SolutionProperties) = preSolution
		HideSolutionNode = FALSE
	EndGlobalSection
	GlobalSection(ExtensibilityGlobals) = postSolution
		SolutionGuid = {A87E8752-969D-4B72-9267-C4289BA2AC0D}
	EndGlobalSection
EndGlobal
