
Microsoft Visual Studio Solution File, Format Version 12.00
# Visual Studio Version 17
VisualStudioVersion = 17.4.33122.133
MinimumVisualStudioVersion = 10.0.40219.1
Project("{FAE04EC0-301F-11D3-BF4B-00C04F79EFBC}") = "Double", "Double\Double.csproj", "{6EC90EC0-9365-46A4-B9FF-82287D36290A}"
EndProject
Global
	GlobalSection(SolutionConfigurationPlatforms) = preSolution
		Debug|Any CPU = Debug|Any CPU
		Release|Any CPU = Release|Any CPU
	EndGlobalSection
	GlobalSection(ProjectConfigurationPlatforms) = postSolution
		{6EC90EC0-9365-46A4-B9FF-82287D36290A}.Debug|Any CPU.ActiveCfg = Debug|Any CPU
		{6EC90EC0-9365-46A4-B9FF-82287D36290A}.Debug|Any CPU.Build.0 = Debug|Any CPU
		{6EC90EC0-9365-46A4-B9FF-82287D36290A}.Release|Any CPU.ActiveCfg = Release|Any CPU
		{6EC90EC0-9365-46A4-B9FF-82287D36290A}.Release|Any CPU.Build.0 = Release|Any CPU
	EndGlobalSection
	GlobalSection(SolutionProperties) = preSolution
		HideSolutionNode = FALSE
	EndGlobalSection
	GlobalSection(ExtensibilityGlobals) = postSolution
		SolutionGuid = {6E716FB4-89B4-49DB-A053-BAEE981B8717}
	EndGlobalSection
EndGlobal
